// !$*UTF8*$!
{
	archiveVersion = 1;
	classes = {
	};
	objectVersion = 56;
	objects = {

/* Begin PBXBuildFile section */
		5849F5102BC428A9006A076C /* Dark_ConverterApp.swift in Sources */ = {isa = PBXBuildFile; fileRef = 5849F50F2BC428A9006A076C /* Dark_ConverterApp.swift */; };
		5849F5122BC428A9006A076C /* ContentView.swift in Sources */ = {isa = PBXBuildFile; fileRef = 5849F5112BC428A9006A076C /* ContentView.swift */; };
		5849F5142BC428AA006A076C /* Assets.xcassets in Resources */ = {isa = PBXBuildFile; fileRef = 5849F5132BC428AA006A076C /* Assets.xcassets */; };
		5849F5172BC428AA006A076C /* Preview Assets.xcassets in Resources */ = {isa = PBXBuildFile; fileRef = 5849F5162BC428AA006A076C /* Preview Assets.xcassets */; };
		5849F5222BC428AA006A076C /* Dark_ConverterTests.swift in Sources */ = {isa = PBXBuildFile; fileRef = 5849F5212BC428AA006A076C /* Dark_ConverterTests.swift */; };
		5849F52C2BC428AA006A076C /* Dark_ConverterUITests.swift in Sources */ = {isa = PBXBuildFile; fileRef = 5849F52B2BC428AA006A076C /* Dark_ConverterUITests.swift */; };
		5849F52E2BC428AA006A076C /* Dark_ConverterUITestsLaunchTests.swift in Sources */ = {isa = PBXBuildFile; fileRef = 5849F52D2BC428AA006A076C /* Dark_ConverterUITestsLaunchTests.swift */; };
/* End PBXBuildFile section */

/* Begin PBXContainerItemProxy section */
		5849F51E2BC428AA006A076C /* PBXContainerItemProxy */ = {
			isa = PBXContainerItemProxy;
			containerPortal = 5849F5042BC428A9006A076C /* Project object */;
			proxyType = 1;
			remoteGlobalIDString = 5849F50B2BC428A9006A076C;
			remoteInfo = "Dark Converter";
		};
		5849F5282BC428AA006A076C /* PBXContainerItemProxy */ = {
			isa = PBXContainerItemProxy;
			containerPortal = 5849F5042BC428A9006A076C /* Project object */;
			proxyType = 1;
			remoteGlobalIDString = 5849F50B2BC428A9006A076C;
			remoteInfo = "Dark Converter";
		};
/* End PBXContainerItemProxy section */

/* Begin PBXFileReference section */
		5849F50C2BC428A9006A076C /* Dark Converter.app */ = {isa = PBXFileReference; explicitFileType = wrapper.application; includeInIndex = 0; path = "Dark Converter.app"; sourceTree = BUILT_PRODUCTS_DIR; };
		5849F50F2BC428A9006A076C /* Dark_ConverterApp.swift */ = {isa = PBXFileReference; lastKnownFileType = sourcecode.swift; path = Dark_ConverterApp.swift; sourceTree = "<group>"; };
		5849F5112BC428A9006A076C /* ContentView.swift */ = {isa = PBXFileReference; lastKnownFileType = sourcecode.swift; path = ContentView.swift; sourceTree = "<group>"; };
		5849F5132BC428AA006A076C /* Assets.xcassets */ = {isa = PBXFileReference; lastKnownFileType = folder.assetcatalog; path = Assets.xcassets; sourceTree = "<group>"; };
		5849F5162BC428AA006A076C /* Preview Assets.xcassets */ = {isa = PBXFileReference; lastKnownFileType = folder.assetcatalog; path = "Preview Assets.xcassets"; sourceTree = "<group>"; };
		5849F5182BC428AA006A076C /* Dark_Converter.entitlements */ = {isa = PBXFileReference; lastKnownFileType = text.plist.entitlements; path = Dark_Converter.entitlements; sourceTree = "<group>"; };
		5849F51D2BC428AA006A076C /* Dark ConverterTests.xctest */ = {isa = PBXFileReference; explicitFileType = wrapper.cfbundle; includeInIndex = 0; path = "Dark ConverterTests.xctest"; sourceTree = BUILT_PRODUCTS_DIR; };
		5849F5212BC428AA006A076C /* Dark_ConverterTests.swift */ = {isa = PBXFileReference; lastKnownFileType = sourcecode.swift; path = Dark_ConverterTests.swift; sourceTree = "<group>"; };
		5849F5272BC428AA006A076C /* Dark ConverterUITests.xctest */ = {isa = PBXFileReference; explicitFileType = wrapper.cfbundle; includeInIndex = 0; path = "Dark ConverterUITests.xctest"; sourceTree = BUILT_PRODUCTS_DIR; };
		5849F52B2BC428AA006A076C /* Dark_ConverterUITests.swift */ = {isa = PBXFileReference; lastKnownFileType = sourcecode.swift; path = Dark_ConverterUITests.swift; sourceTree = "<group>"; };
		5849F52D2BC428AA006A076C /* Dark_ConverterUITestsLaunchTests.swift */ = {isa = PBXFileReference; lastKnownFileType = sourcecode.swift; path = Dark_ConverterUITestsLaunchTests.swift; sourceTree = "<group>"; };
/* End PBXFileReference section */

/* Begin PBXFrameworksBuildPhase section */
		5849F5092BC428A9006A076C /* Frameworks */ = {
			isa = PBXFrameworksBuildPhase;
			buildActionMask = 2147483647;
			files = (
			);
			runOnlyForDeploymentPostprocessing = 0;
		};
		5849F51A2BC428AA006A076C /* Frameworks */ = {
			isa = PBXFrameworksBuildPhase;
			buildActionMask = 2147483647;
			files = (
			);
			runOnlyForDeploymentPostprocessing = 0;
		};
		5849F5242BC428AA006A076C /* Frameworks */ = {
			isa = PBXFrameworksBuildPhase;
			buildActionMask = 2147483647;
			files = (
			);
			runOnlyForDeploymentPostprocessing = 0;
		};
/* End PBXFrameworksBuildPhase section */

/* Begin PBXGroup section */
		5849F5032BC428A9006A076C = {
			isa = PBXGroup;
			children = (
				5849F50E2BC428A9006A076C /* Dark Converter */,
				5849F5202BC428AA006A076C /* Dark ConverterTests */,
				5849F52A2BC428AA006A076C /* Dark ConverterUITests */,
				5849F50D2BC428A9006A076C /* Products */,
			);
			sourceTree = "<group>";
		};
		5849F50D2BC428A9006A076C /* Products */ = {
			isa = PBXGroup;
			children = (
				5849F50C2BC428A9006A076C /* Dark Converter.app */,
				5849F51D2BC428AA006A076C /* Dark ConverterTests.xctest */,
				5849F5272BC428AA006A076C /* Dark ConverterUITests.xctest */,
			);
			name = Products;
			sourceTree = "<group>";
		};
		5849F50E2BC428A9006A076C /* Dark Converter */ = {
			isa = PBXGroup;
			children = (
				5849F50F2BC428A9006A076C /* Dark_ConverterApp.swift */,
				5849F5112BC428A9006A076C /* ContentView.swift */,
				5849F5132BC428AA006A076C /* Assets.xcassets */,
				5849F5182BC428AA006A076C /* Dark_Converter.entitlements */,
				5849F5152BC428AA006A076C /* Preview Content */,
			);
			path = "Dark Converter";
			sourceTree = "<group>";
		};
		5849F5152BC428AA006A076C /* Preview Content */ = {
			isa = PBXGroup;
			children = (
				5849F5162BC428AA006A076C /* Preview Assets.xcassets */,
			);
			path = "Preview Content";
			sourceTree = "<group>";
		};
		5849F5202BC428AA006A076C /* Dark ConverterTests */ = {
			isa = PBXGroup;
			children = (
				5849F5212BC428AA006A076C /* Dark_ConverterTests.swift */,
			);
			path = "Dark ConverterTests";
			sourceTree = "<group>";
		};
		5849F52A2BC428AA006A076C /* Dark ConverterUITests */ = {
			isa = PBXGroup;
			children = (
				5849F52B2BC428AA006A076C /* Dark_ConverterUITests.swift */,
				5849F52D2BC428AA006A076C /* Dark_ConverterUITestsLaunchTests.swift */,
			);
			path = "Dark ConverterUITests";
			sourceTree = "<group>";
		};
/* End PBXGroup section */

/* Begin PBXNativeTarget section */
		5849F50B2BC428A9006A076C /* Dark Converter */ = {
			isa = PBXNativeTarget;
			buildConfigurationList = 5849F5312BC428AA006A076C /* Build configuration list for PBXNativeTarget "Dark Converter" */;
			buildPhases = (
				5849F5082BC428A9006A076C /* Sources */,
				5849F5092BC428A9006A076C /* Frameworks */,
				5849F50A2BC428A9006A076C /* Resources */,
			);
			buildRules = (
			);
			dependencies = (
			);
			name = "Dark Converter";
			productName = "Dark Converter";
			productReference = 5849F50C2BC428A9006A076C /* Dark Converter.app */;
			productType = "com.apple.product-type.application";
		};
		5849F51C2BC428AA006A076C /* Dark ConverterTests */ = {
			isa = PBXNativeTarget;
			buildConfigurationList = 5849F5342BC428AA006A076C /* Build configuration list for PBXNativeTarget "Dark ConverterTests" */;
			buildPhases = (
				5849F5192BC428AA006A076C /* Sources */,
				5849F51A2BC428AA006A076C /* Frameworks */,
				5849F51B2BC428AA006A076C /* Resources */,
			);
			buildRules = (
			);
			dependencies = (
				5849F51F2BC428AA006A076C /* PBXTargetDependency */,
			);
			name = "Dark ConverterTests";
			productName = "Dark ConverterTests";
			productReference = 5849F51D2BC428AA006A076C /* Dark ConverterTests.xctest */;
			productType = "com.apple.product-type.bundle.unit-test";
		};
		5849F5262BC428AA006A076C /* Dark ConverterUITests */ = {
			isa = PBXNativeTarget;
			buildConfigurationList = 5849F5372BC428AA006A076C /* Build configuration list for PBXNativeTarget "Dark ConverterUITests" */;
			buildPhases = (
				5849F5232BC428AA006A076C /* Sources */,
				5849F5242BC428AA006A076C /* Frameworks */,
				5849F5252BC428AA006A076C /* Resources */,
			);
			buildRules = (
			);
			dependencies = (
				5849F5292BC428AA006A076C /* PBXTargetDependency */,
			);
			name = "Dark ConverterUITests";
			productName = "Dark ConverterUITests";
			productReference = 5849F5272BC428AA006A076C /* Dark ConverterUITests.xctest */;
			productType = "com.apple.product-type.bundle.ui-testing";
		};
/* End PBXNativeTarget section */

/* Begin PBXProject section */
		5849F5042BC428A9006A076C /* Project object */ = {
			isa = PBXProject;
			attributes = {
				BuildIndependentTargetsInParallel = 1;
				LastSwiftUpdateCheck = 1530;
				LastUpgradeCheck = 1530;
				TargetAttributes = {
					5849F50B2BC428A9006A076C = {
						CreatedOnToolsVersion = 15.3;
					};
					5849F51C2BC428AA006A076C = {
						CreatedOnToolsVersion = 15.3;
						TestTargetID = 5849F50B2BC428A9006A076C;
					};
					5849F5262BC428AA006A076C = {
						CreatedOnToolsVersion = 15.3;
						TestTargetID = 5849F50B2BC428A9006A076C;
					};
				};
			};
			buildConfigurationList = 5849F5072BC428A9006A076C /* Build configuration list for PBXProject "Dark Converter" */;
			compatibilityVersion = "Xcode 14.0";
			developmentRegion = en;
			hasScannedForEncodings = 0;
			knownRegions = (
				en,
				Base,
			);
			mainGroup = 5849F5032BC428A9006A076C;
			productRefGroup = 5849F50D2BC428A9006A076C /* Products */;
			projectDirPath = "";
			projectRoot = "";
			targets = (
				5849F50B2BC428A9006A076C /* Dark Converter */,
				5849F51C2BC428AA006A076C /* Dark ConverterTests */,
				5849F5262BC428AA006A076C /* Dark ConverterUITests */,
			);
		};
/* End PBXProject section */

/* Begin PBXResourcesBuildPhase section */
		5849F50A2BC428A9006A076C /* Resources */ = {
			isa = PBXResourcesBuildPhase;
			buildActionMask = 2147483647;
			files = (
				5849F5172BC428AA006A076C /* Preview Assets.xcassets in Resources */,
				5849F5142BC428AA006A076C /* Assets.xcassets in Resources */,
			);
			runOnlyForDeploymentPostprocessing = 0;
		};
		5849F51B2BC428AA006A076C /* Resources */ = {
			isa = PBXResourcesBuildPhase;
			buildActionMask = 2147483647;
			files = (
			);
			runOnlyForDeploymentPostprocessing = 0;
		};
		5849F5252BC428AA006A076C /* Resources */ = {
			isa = PBXResourcesBuildPhase;
			buildActionMask = 2147483647;
			files = (
			);
			runOnlyForDeploymentPostprocessing = 0;
		};
/* End PBXResourcesBuildPhase section */

/* Begin PBXSourcesBuildPhase section */
		5849F5082BC428A9006A076C /* Sources */ = {
			isa = PBXSourcesBuildPhase;
			buildActionMask = 2147483647;
			files = (
				5849F5122BC428A9006A076C /* ContentView.swift in Sources */,
				5849F5102BC428A9006A076C /* Dark_ConverterApp.swift in Sources */,
			);
			runOnlyForDeploymentPostprocessing = 0;
		};
		5849F5192BC428AA006A076C /* Sources */ = {
			isa = PBXSourcesBuildPhase;
			buildActionMask = 2147483647;
			files = (
				5849F5222BC428AA006A076C /* Dark_ConverterTests.swift in Sources */,
			);
			runOnlyForDeploymentPostprocessing = 0;
		};
		5849F5232BC428AA006A076C /* Sources */ = {
			isa = PBXSourcesBuildPhase;
			buildActionMask = 2147483647;
			files = (
				5849F52C2BC428AA006A076C /* Dark_ConverterUITests.swift in Sources */,
				5849F52E2BC428AA006A076C /* Dark_ConverterUITestsLaunchTests.swift in Sources */,
			);
			runOnlyForDeploymentPostprocessing = 0;
		};
/* End PBXSourcesBuildPhase section */

/* Begin PBXTargetDependency section */
		5849F51F2BC428AA006A076C /* PBXTargetDependency */ = {
			isa = PBXTargetDependency;
			target = 5849F50B2BC428A9006A076C /* Dark Converter */;
			targetProxy = 5849F51E2BC428AA006A076C /* PBXContainerItemProxy */;
		};
		5849F5292BC428AA006A076C /* PBXTargetDependency */ = {
			isa = PBXTargetDependency;
			target = 5849F50B2BC428A9006A076C /* Dark Converter */;
			targetProxy = 5849F5282BC428AA006A076C /* PBXContainerItemProxy */;
		};
/* End PBXTargetDependency section */

/* Begin XCBuildConfiguration section */
		5849F52F2BC428AA006A076C /* Debug */ = {
			isa = XCBuildConfiguration;
			buildSettings = {
				ALWAYS_SEARCH_USER_PATHS = NO;
				ASSETCATALOG_COMPILER_GENERATE_SWIFT_ASSET_SYMBOL_EXTENSIONS = YES;
				CLANG_ANALYZER_NONNULL = YES;
				CLANG_ANALYZER_NUMBER_OBJECT_CONVERSION = YES_AGGRESSIVE;
				CLANG_CXX_LANGUAGE_STANDARD = "gnu++20";
				CLANG_ENABLE_MODULES = YES;
				CLANG_ENABLE_OBJC_ARC = YES;
				CLANG_ENABLE_OBJC_WEAK = YES;
				CLANG_WARN_BLOCK_CAPTURE_AUTORELEASING = YES;
				CLANG_WARN_BOOL_CONVERSION = YES;
				CLANG_WARN_COMMA = YES;
				CLANG_WARN_CONSTANT_CONVERSION = YES;
				CLANG_WARN_DEPRECATED_OBJC_IMPLEMENTATIONS = YES;
				CLANG_WARN_DIRECT_OBJC_ISA_USAGE = YES_ERROR;
				CLANG_WARN_DOCUMENTATION_COMMENTS = YES;
				CLANG_WARN_EMPTY_BODY = YES;
				CLANG_WARN_ENUM_CONVERSION = YES;
				CLANG_WARN_INFINITE_RECURSION = YES;
				CLANG_WARN_INT_CONVERSION = YES;
				CLANG_WARN_NON_LITERAL_NULL_CONVERSION = YES;
				CLANG_WARN_OBJC_IMPLICIT_RETAIN_SELF = YES;
				CLANG_WARN_OBJC_LITERAL_CONVERSION = YES;
				CLANG_WARN_OBJC_ROOT_CLASS = YES_ERROR;
				CLANG_WARN_QUOTED_INCLUDE_IN_FRAMEWORK_HEADER = YES;
				CLANG_WARN_RANGE_LOOP_ANALYSIS = YES;
				CLANG_WARN_STRICT_PROTOTYPES = YES;
				CLANG_WARN_SUSPICIOUS_MOVE = YES;
				CLANG_WARN_UNGUARDED_AVAILABILITY = YES_AGGRESSIVE;
				CLANG_WARN_UNREACHABLE_CODE = YES;
				CLANG_WARN__DUPLICATE_METHOD_MATCH = YES;
				COPY_PHASE_STRIP = NO;
				DEBUG_INFORMATION_FORMAT = dwarf;
				ENABLE_STRICT_OBJC_MSGSEND = YES;
				ENABLE_TESTABILITY = YES;
				ENABLE_USER_SCRIPT_SANDBOXING = YES;
				GCC_C_LANGUAGE_STANDARD = gnu17;
				GCC_DYNAMIC_NO_PIC = NO;
				GCC_NO_COMMON_BLOCKS = YES;
				GCC_OPTIMIZATION_LEVEL = 0;
				GCC_PREPROCESSOR_DEFINITIONS = (
					"DEBUG=1",
					"$(inherited)",
				);
				GCC_WARN_64_TO_32_BIT_CONVERSION = YES;
				GCC_WARN_ABOUT_RETURN_TYPE = YES_ERROR;
				GCC_WARN_UNDECLARED_SELECTOR = YES;
				GCC_WARN_UNINITIALIZED_AUTOS = YES_AGGRESSIVE;
				GCC_WARN_UNUSED_FUNCTION = YES;
				GCC_WARN_UNUSED_VARIABLE = YES;
				LOCALIZATION_PREFERS_STRING_CATALOGS = YES;
				MACOSX_DEPLOYMENT_TARGET = 14.4;
				MTL_ENABLE_DEBUG_INFO = INCLUDE_SOURCE;
				MTL_FAST_MATH = YES;
				ONLY_ACTIVE_ARCH = YES;
				SDKROOT = macosx;
				SWIFT_ACTIVE_COMPILATION_CONDITIONS = "DEBUG $(inherited)";
				SWIFT_OPTIMIZATION_LEVEL = "-Onone";
			};
			name = Debug;
		};
		5849F5302BC428AA006A076C /* Release */ = {
			isa = XCBuildConfiguration;
			buildSettings = {
				ALWAYS_SEARCH_USER_PATHS = NO;
				ASSETCATALOG_COMPILER_GENERATE_SWIFT_ASSET_SYMBOL_EXTENSIONS = YES;
				CLANG_ANALYZER_NONNULL = YES;
				CLANG_ANALYZER_NUMBER_OBJECT_CONVERSION = YES_AGGRESSIVE;
				CLANG_CXX_LANGUAGE_STANDARD = "gnu++20";
				CLANG_ENABLE_MODULES = YES;
				CLANG_ENABLE_OBJC_ARC = YES;
				CLANG_ENABLE_OBJC_WEAK = YES;
				CLANG_WARN_BLOCK_CAPTURE_AUTORELEASING = YES;
				CLANG_WARN_BOOL_CONVERSION = YES;
				CLANG_WARN_COMMA = YES;
				CLANG_WARN_CONSTANT_CONVERSION = YES;
				CLANG_WARN_DEPRECATED_OBJC_IMPLEMENTATIONS = YES;
				CLANG_WARN_DIRECT_OBJC_ISA_USAGE = YES_ERROR;
				CLANG_WARN_DOCUMENTATION_COMMENTS = YES;
				CLANG_WARN_EMPTY_BODY = YES;
				CLANG_WARN_ENUM_CONVERSION = YES;
				CLANG_WARN_INFINITE_RECURSION = YES;
				CLANG_WARN_INT_CONVERSION = YES;
				CLANG_WARN_NON_LITERAL_NULL_CONVERSION = YES;
				CLANG_WARN_OBJC_IMPLICIT_RETAIN_SELF = YES;
				CLANG_WARN_OBJC_LITERAL_CONVERSION = YES;
				CLANG_WARN_OBJC_ROOT_CLASS = YES_ERROR;
				CLANG_WARN_QUOTED_INCLUDE_IN_FRAMEWORK_HEADER = YES;
				CLANG_WARN_RANGE_LOOP_ANALYSIS = YES;
				CLANG_WARN_STRICT_PROTOTYPES = YES;
				CLANG_WARN_SUSPICIOUS_MOVE = YES;
				CLANG_WARN_UNGUARDED_AVAILABILITY = YES_AGGRESSIVE;
				CLANG_WARN_UNREACHABLE_CODE = YES;
				CLANG_WARN__DUPLICATE_METHOD_MATCH = YES;
				COPY_PHASE_STRIP = NO;
				DEBUG_INFORMATION_FORMAT = "dwarf-with-dsym";
				ENABLE_NS_ASSERTIONS = NO;
				ENABLE_STRICT_OBJC_MSGSEND = YES;
				ENABLE_USER_SCRIPT_SANDBOXING = YES;
				GCC_C_LANGUAGE_STANDARD = gnu17;
				GCC_NO_COMMON_BLOCKS = YES;
				GCC_WARN_64_TO_32_BIT_CONVERSION = YES;
				GCC_WARN_ABOUT_RETURN_TYPE = YES_ERROR;
				GCC_WARN_UNDECLARED_SELECTOR = YES;
				GCC_WARN_UNINITIALIZED_AUTOS = YES_AGGRESSIVE;
				GCC_WARN_UNUSED_FUNCTION = YES;
				GCC_WARN_UNUSED_VARIABLE = YES;
				LOCALIZATION_PREFERS_STRING_CATALOGS = YES;
				MACOSX_DEPLOYMENT_TARGET = 14.4;
				MTL_ENABLE_DEBUG_INFO = NO;
				MTL_FAST_MATH = YES;
				SDKROOT = macosx;
				SWIFT_COMPILATION_MODE = wholemodule;
			};
			name = Release;
		};
		5849F5322BC428AA006A076C /* Debug */ = {
			isa = XCBuildConfiguration;
			buildSettings = {
				ASSETCATALOG_COMPILER_APPICON_NAME = AppIcon;
				ASSETCATALOG_COMPILER_GLOBAL_ACCENT_COLOR_NAME = AccentColor;
				CODE_SIGN_ENTITLEMENTS = "Dark Converter/Dark_Converter.entitlements";
				CODE_SIGN_STYLE = Automatic;
				COMBINE_HIDPI_IMAGES = YES;
				CURRENT_PROJECT_VERSION = 1;
				DEVELOPMENT_ASSET_PATHS = "\"Dark Converter/Preview Content\"";
				DEVELOPMENT_TEAM = 6978VNDYVX;
				ENABLE_HARDENED_RUNTIME = YES;
				ENABLE_PREVIEWS = YES;
				GENERATE_INFOPLIST_FILE = YES;
				INFOPLIST_KEY_NSHumanReadableCopyright = "";
				LD_RUNPATH_SEARCH_PATHS = (
					"$(inherited)",
					"@executable_path/../Frameworks",
				);
				MARKETING_VERSION = 1.0;
				PRODUCT_BUNDLE_IDENTIFIER = "DarkEnergyLab.Dark-Converter";
				PRODUCT_NAME = "$(TARGET_NAME)";
				SWIFT_EMIT_LOC_STRINGS = YES;
				SWIFT_VERSION = 5.0;
			};
			name = Debug;
		};
		5849F5332BC428AA006A076C /* Release */ = {
			isa = XCBuildConfiguration;
			buildSettings = {
				ASSETCATALOG_COMPILER_APPICON_NAME = AppIcon;
				ASSETCATALOG_COMPILER_GLOBAL_ACCENT_COLOR_NAME = AccentColor;
				CODE_SIGN_ENTITLEMENTS = "Dark Converter/Dark_Converter.entitlements";
				CODE_SIGN_STYLE = Automatic;
				COMBINE_HIDPI_IMAGES = YES;
				CURRENT_PROJECT_VERSION = 1;
				DEVELOPMENT_ASSET_PATHS = "\"Dark Converter/Preview Content\"";
				DEVELOPMENT_TEAM = 6978VNDYVX;
				ENABLE_HARDENED_RUNTIME = YES;
				ENABLE_PREVIEWS = YES;
				GENERATE_INFOPLIST_FILE = YES;
				INFOPLIST_KEY_NSHumanReadableCopyright = "";
				LD_RUNPATH_SEARCH_PATHS = (
					"$(inherited)",
					"@executable_path/../Frameworks",
				);
				MARKETING_VERSION = 1.0;
				PRODUCT_BUNDLE_IDENTIFIER = "DarkEnergyLab.Dark-Converter";
				PRODUCT_NAME = "$(TARGET_NAME)";
				SWIFT_EMIT_LOC_STRINGS = YES;
				SWIFT_VERSION = 5.0;
			};
			name = Release;
		};
		5849F5352BC428AA006A076C /* Debug */ = {
			isa = XCBuildConfiguration;
			buildSettings = {
				ALWAYS_EMBED_SWIFT_STANDARD_LIBRARIES = YES;
				BUNDLE_LOADER = "$(TEST_HOST)";
				CODE_SIGN_STYLE = Automatic;
				CURRENT_PROJECT_VERSION = 1;
				DEVELOPMENT_TEAM = 6978VNDYVX;
				GENERATE_INFOPLIST_FILE = YES;
				MACOSX_DEPLOYMENT_TARGET = 14.4;
				MARKETING_VERSION = 1.0;
				PRODUCT_BUNDLE_IDENTIFIER = "DarkEnergyLab.Dark-ConverterTests";
				PRODUCT_NAME = "$(TARGET_NAME)";
				SWIFT_EMIT_LOC_STRINGS = NO;
				SWIFT_VERSION = 5.0;
				TEST_HOST = "$(BUILT_PRODUCTS_DIR)/Dark Converter.app/$(BUNDLE_EXECUTABLE_FOLDER_PATH)/Dark Converter";
			};
			name = Debug;
		};
		5849F5362BC428AA006A076C /* Release */ = {
			isa = XCBuildConfiguration;
			buildSettings = {
				ALWAYS_EMBED_SWIFT_STANDARD_LIBRARIES = YES;
				BUNDLE_LOADER = "$(TEST_HOST)";
				CODE_SIGN_STYLE = Automatic;
				CURRENT_PROJECT_VERSION = 1;
				DEVELOPMENT_TEAM = 6978VNDYVX;
				GENERATE_INFOPLIST_FILE = YES;
				MACOSX_DEPLOYMENT_TARGET = 14.4;
				MARKETING_VERSION = 1.0;
				PRODUCT_BUNDLE_IDENTIFIER = "DarkEnergyLab.Dark-ConverterTests";
				PRODUCT_NAME = "$(TARGET_NAME)";
				SWIFT_EMIT_LOC_STRINGS = NO;
				SWIFT_VERSION = 5.0;
				TEST_HOST = "$(BUILT_PRODUCTS_DIR)/Dark Converter.app/$(BUNDLE_EXECUTABLE_FOLDER_PATH)/Dark Converter";
			};
			name = Release;
		};
		5849F5382BC428AA006A076C /* Debug */ = {
			isa = XCBuildConfiguration;
			buildSettings = {
				ALWAYS_EMBED_SWIFT_STANDARD_LIBRARIES = YES;
				CODE_SIGN_STYLE = Automatic;
				CURRENT_PROJECT_VERSION = 1;
				DEVELOPMENT_TEAM = 6978VNDYVX;
				GENERATE_INFOPLIST_FILE = YES;
				MARKETING_VERSION = 1.0;
				PRODUCT_BUNDLE_IDENTIFIER = "DarkEnergyLab.Dark-ConverterUITests";
				PRODUCT_NAME = "$(TARGET_NAME)";
				SWIFT_EMIT_LOC_STRINGS = NO;
				SWIFT_VERSION = 5.0;
				TEST_TARGET_NAME = "Dark Converter";
			};
			name = Debug;
		};
		5849F5392BC428AA006A076C /* Release */ = {
			isa = XCBuildConfiguration;
			buildSettings = {
				ALWAYS_EMBED_SWIFT_STANDARD_LIBRARIES = YES;
				CODE_SIGN_STYLE = Automatic;
				CURRENT_PROJECT_VERSION = 1;
				DEVELOPMENT_TEAM = 6978VNDYVX;
				GENERATE_INFOPLIST_FILE = YES;
				MARKETING_VERSION = 1.0;
				PRODUCT_BUNDLE_IDENTIFIER = "DarkEnergyLab.Dark-ConverterUITests";
				PRODUCT_NAME = "$(TARGET_NAME)";
				SWIFT_EMIT_LOC_STRINGS = NO;
				SWIFT_VERSION = 5.0;
				TEST_TARGET_NAME = "Dark Converter";
			};
			name = Release;
		};
/* End XCBuildConfiguration section */

/* Begin XCConfigurationList section */
		5849F5072BC428A9006A076C /* Build configuration list for PBXProject "Dark Converter" */ = {
			isa = XCConfigurationList;
			buildConfigurations = (
				5849F52F2BC428AA006A076C /* Debug */,
				5849F5302BC428AA006A076C /* Release */,
			);
			defaultConfigurationIsVisible = 0;
			defaultConfigurationName = Release;
		};
		5849F5312BC428AA006A076C /* Build configuration list for PBXNativeTarget "Dark Converter" */ = {
			isa = XCConfigurationList;
			buildConfigurations = (
				5849F5322BC428AA006A076C /* Debug */,
				5849F5332BC428AA006A076C /* Release */,
			);
			defaultConfigurationIsVisible = 0;
			defaultConfigurationName = Release;
		};
		5849F5342BC428AA006A076C /* Build configuration list for PBXNativeTarget "Dark ConverterTests" */ = {
			isa = XCConfigurationList;
			buildConfigurations = (
				5849F5352BC428AA006A076C /* Debug */,
				5849F5362BC428AA006A076C /* Release */,
			);
			defaultConfigurationIsVisible = 0;
			defaultConfigurationName = Release;
		};
		5849F5372BC428AA006A076C /* Build configuration list for PBXNativeTarget "Dark ConverterUITests" */ = {
			isa = XCConfigurationList;
			buildConfigurations = (
				5849F5382BC428AA006A076C /* Debug */,
				5849F5392BC428AA006A076C /* Release */,
			);
			defaultConfigurationIsVisible = 0;
			defaultConfigurationName = Release;
		};
/* End XCConfigurationList section */
	};
	rootObject = 5849F5042BC428A9006A076C /* Project object */;
}
